
Microsoft Visual Studio Solution File, Format Version 12.00
# Visual Studio 15
Project("{FAE04EC0-301F-11D3-BF4B-00C04F79EFBC}") = "Assembly-CSharp", "Assembly-CSharp.csproj", "{AD1F0D8F-E216-417D-26BB-E94C0C116689}"
EndProject
Project("{FAE04EC0-301F-11D3-BF4B-00C04F79EFBC}") = "Assembly-CSharp-Editor", "Assembly-CSharp-Editor.csproj", "{3C0B76BB-4B6E-802B-FD0C-B917AEAF980C}"
EndProject
Global
	GlobalSection(SolutionConfigurationPlatforms) = preSolution
		Debug|Any CPU = Debug|Any CPU
		Release|Any CPU = Release|Any CPU
	EndGlobalSection
	GlobalSection(ProjectConfigurationPlatforms) = postSolution
		{AD1F0D8F-E216-417D-26BB-E94C0C116689}.Debug|Any CPU.ActiveCfg = Debug|Any CPU
		{AD1F0D8F-E216-417D-26BB-E94C0C116689}.Debug|Any CPU.Build.0 = Debug|Any CPU
		{AD1F0D8F-E216-417D-26BB-E94C0C116689}.Release|Any CPU.ActiveCfg = Release|Any CPU
		{AD1F0D8F-E216-417D-26BB-E94C0C116689}.Release|Any CPU.Build.0 = Release|Any CPU
		{3C0B76BB-4B6E-802B-FD0C-B917AEAF980C}.Debug|Any CPU.ActiveCfg = Debug|Any CPU
		{3C0B76BB-4B6E-802B-FD0C-B917AEAF980C}.Debug|Any CPU.Build.0 = Debug|Any CPU
		{3C0B76BB-4B6E-802B-FD0C-B917AEAF980C}.Release|Any CPU.ActiveCfg = Release|Any CPU
		{3C0B76BB-4B6E-802B-FD0C-B917AEAF980C}.Release|Any CPU.Build.0 = Release|Any CPU
	EndGlobalSection
	GlobalSection(SolutionProperties) = preSolution
		HideSolutionNode = FALSE
	EndGlobalSection
EndGlobal
