
Microsoft Visual Studio Solution File, Format Version 12.00
# Visual Studio 15
Project("{FAE04EC0-301F-11D3-BF4B-00C04F79EFBC}") = "Assembly-CSharp", "Assembly-CSharp.csproj", "{6426BE5A-712D-08B8-9398-C03F4586561D}"
EndProject
Project("{FAE04EC0-301F-11D3-BF4B-00C04F79EFBC}") = "Assembly-CSharp-Editor", "Assembly-CSharp-Editor.csproj", "{ED056DA1-5BBA-E68E-6A31-5A20C0F98D00}"
EndProject
Global
	GlobalSection(SolutionConfigurationPlatforms) = preSolution
		Debug|Any CPU = Debug|Any CPU
		Release|Any CPU = Release|Any CPU
	EndGlobalSection
	GlobalSection(ProjectConfigurationPlatforms) = postSolution
		{6426BE5A-712D-08B8-9398-C03F4586561D}.Debug|Any CPU.ActiveCfg = Debug|Any CPU
		{6426BE5A-712D-08B8-9398-C03F4586561D}.Debug|Any CPU.Build.0 = Debug|Any CPU
		{6426BE5A-712D-08B8-9398-C03F4586561D}.Release|Any CPU.ActiveCfg = Release|Any CPU
		{6426BE5A-712D-08B8-9398-C03F4586561D}.Release|Any CPU.Build.0 = Release|Any CPU
		{ED056DA1-5BBA-E68E-6A31-5A20C0F98D00}.Debug|Any CPU.ActiveCfg = Debug|Any CPU
		{ED056DA1-5BBA-E68E-6A31-5A20C0F98D00}.Debug|Any CPU.Build.0 = Debug|Any CPU
		{ED056DA1-5BBA-E68E-6A31-5A20C0F98D00}.Release|Any CPU.ActiveCfg = Release|Any CPU
		{ED056DA1-5BBA-E68E-6A31-5A20C0F98D00}.Release|Any CPU.Build.0 = Release|Any CPU
	EndGlobalSection
	GlobalSection(SolutionProperties) = preSolution
		HideSolutionNode = FALSE
	EndGlobalSection
EndGlobal
